<?xml version="1.0" encoding="utf-8"?>
<Project ToolsVersion="4.0" xmlns="http://schemas.microsoft.com/developer/msbuild/2003">
  <ItemGroup>
    <Filter Include="Source Files">
      <UniqueIdentifier>{4FC737F1-C7A5-4376-A066-2A32D752A2FF}</UniqueIdentifier>
      <Extensions>cpp;c;cc;cxx;def;odl;idl;hpj;bat;asm;asmx</Extensions>
    </Filter>
    <Filter Include="Header Files">
      <UniqueIdentifier>{93995380-89BD-4b04-88EB-625FBE52EBFB}</UniqueIdentifier>
      <Extensions>h;hh;hpp;hxx;hm;inl;inc;ipp;xsd</Extensions>
    </Filter>
    <Filter Include="Resource Files">
      <UniqueIdentifier>{67DA6AB6-F800-4c08-8B7A-83BB121AAD01}</UniqueIdentifier>
      <Extensions>rc;ico;cur;bmp;dlg;rc2;rct;bin;rgs;gif;jpg;jpeg;jpe;resx;tiff;tif;png;wav;mfcribbon-ms</Extensions>
    </Filter>
  </ItemGroup>
  <ItemGroup>
    <ClCompile Include="..\..\..\..\..\..\dlib-19.15\dlib\all\source.cpp">
      <Filter>Resource Files</Filter>
    </ClCompile>
    <ClCompile Include="..\..\..\..\..\..\dlib-19.15\dlib\external\libjpeg\jcapimin.cpp">
      <Filter>Resource Files</Filter>
    </ClCompile>
    <ClCompile Include="..\..\..\..\..\..\dlib-19.15\dlib\external\libjpeg\jcapistd.cpp">
      <Filter>Resource Files</Filter>
    </ClCompile>
    <ClCompile Include="..\..\..\..\..\..\dlib-19.15\dlib\external\libjpeg\jccoefct.cpp">
      <Filter>Resource Files</Filter>
    </ClCompile>
    <ClCompile Include="..\..\..\..\..\..\dlib-19.15\dlib\external\libjpeg\jccolor.cpp">
      <Filter>Resource Files</Filter>
    </ClCompile>
    <ClCompile Include="..\..\..\..\..\..\dlib-19.15\dlib\external\libjpeg\jcdctmgr.cpp">
      <Filter>Resource Files</Filter>
    </ClCompile>
    <ClCompile Include="..\..\..\..\..\..\dlib-19.15\dlib\external\libjpeg\jchuff.cpp">
      <Filter>Resource Files</Filter>
    </ClCompile>
    <ClCompile Include="..\..\..\..\..\..\dlib-19.15\dlib\external\libjpeg\jcinit.cpp">
      <Filter>Resource Files</Filter>
    </ClCompile>
    <ClCompile Include="..\..\..\..\..\..\dlib-19.15\dlib\external\libjpeg\jcmainct.cpp">
      <Filter>Resource Files</Filter>
    </ClCompile>
    <ClCompile Include="..\..\..\..\..\..\dlib-19.15\dlib\external\libjpeg\jcmarker.cpp">
      <Filter>Resource Files</Filter>
    </ClCompile>
    <ClCompile Include="..\..\..\..\..\..\dlib-19.15\dlib\external\libjpeg\jcmaster.cpp">
      <Filter>Resource Files</Filter>
    </ClCompile>
    <ClCompile Include="..\..\..\..\..\..\dlib-19.15\dlib\external\libjpeg\jcomapi.cpp">
      <Filter>Resource Files</Filter>
    </ClCompile>
    <ClCompile Include="..\..\..\..\..\..\dlib-19.15\dlib\external\libjpeg\jcparam.cpp">
      <Filter>Resource Files</Filter>
    </ClCompile>
    <ClCompile Include="..\..\..\..\..\..\dlib-19.15\dlib\external\libjpeg\jcphuff.cpp">
      <Filter>Resource Files</Filter>
    </ClCompile>
    <ClCompile Include="..\..\..\..\..\..\dlib-19.15\dlib\external\libjpeg\jcprepct.cpp">
      <Filter>Resource Files</Filter>
    </ClCompile>
    <ClCompile Include="..\..\..\..\..\..\dlib-19.15\dlib\external\libjpeg\jcsample.cpp">
      <Filter>Resource Files</Filter>
    </ClCompile>
    <ClCompile Include="..\..\..\..\..\..\dlib-19.15\dlib\external\libjpeg\jdapimin.cpp">
      <Filter>Resource Files</Filter>
    </ClCompile>
    <ClCompile Include="..\..\..\..\..\..\dlib-19.15\dlib\external\libjpeg\jdapistd.cpp">
      <Filter>Resource Files</Filter>
    </ClCompile>
    <ClCompile Include="..\..\..\..\..\..\dlib-19.15\dlib\external\libjpeg\jdatadst.cpp">
      <Filter>Resource Files</Filter>
    </ClCompile>
    <ClCompile Include="..\..\..\..\..\..\dlib-19.15\dlib\external\libjpeg\jdatasrc.cpp">
      <Filter>Resource Files</Filter>
    </ClCompile>
    <ClCompile Include="..\..\..\..\..\..\dlib-19.15\dlib\external\libjpeg\jdcoefct.cpp">
      <Filter>Resource Files</Filter>
    </ClCompile>
    <ClCompile Include="..\..\..\..\..\..\dlib-19.15\dlib\external\libjpeg\jdcolor.cpp">
      <Filter>Resource Files</Filter>
    </ClCompile>
    <ClCompile Include="..\..\..\..\..\..\dlib-19.15\dlib\external\libjpeg\jddctmgr.cpp">
      <Filter>Resource Files</Filter>
    </ClCompile>
    <ClCompile Include="..\..\..\..\..\..\dlib-19.15\dlib\external\libjpeg\jdhuff.cpp">
      <Filter>Resource Files</Filter>
    </ClCompile>
    <ClCompile Include="..\..\..\..\..\..\dlib-19.15\dlib\external\libjpeg\jdinput.cpp">
      <Filter>Resource Files</Filter>
    </ClCompile>
    <ClCompile Include="..\..\..\..\..\..\dlib-19.15\dlib\external\libjpeg\jdmainct.cpp">
      <Filter>Resource Files</Filter>
    </ClCompile>
    <ClCompile Include="..\..\..\..\..\..\dlib-19.15\dlib\external\libjpeg\jdmarker.cpp">
      <Filter>Resource Files</Filter>
    </ClCompile>
    <ClCompile Include="..\..\..\..\..\..\dlib-19.15\dlib\external\libjpeg\jdmaster.cpp">
      <Filter>Resource Files</Filter>
    </ClCompile>
    <ClCompile Include="..\..\..\..\..\..\dlib-19.15\dlib\external\libjpeg\jdmerge.cpp">
      <Filter>Resource Files</Filter>
    </ClCompile>
    <ClCompile Include="..\..\..\..\..\..\dlib-19.15\dlib\external\libjpeg\jdphuff.cpp">
      <Filter>Resource Files</Filter>
    </ClCompile>
    <ClCompile Include="..\..\..\..\..\..\dlib-19.15\dlib\external\libjpeg\jdpostct.cpp">
      <Filter>Resource Files</Filter>
    </ClCompile>
    <ClCompile Include="..\..\..\..\..\..\dlib-19.15\dlib\external\libjpeg\jdsample.cpp">
      <Filter>Resource Files</Filter>
    </ClCompile>
    <ClCompile Include="..\..\..\..\..\..\dlib-19.15\dlib\external\libjpeg\jerror.cpp">
      <Filter>Resource Files</Filter>
    </ClCompile>
    <ClCompile Include="..\..\..\..\..\..\dlib-19.15\dlib\external\libjpeg\jfdctflt.cpp">
      <Filter>Resource Files</Filter>
    </ClCompile>
    <ClCompile Include="..\..\..\..\..\..\dlib-19.15\dlib\external\libjpeg\jfdctfst.cpp">
      <Filter>Resource Files</Filter>
    </ClCompile>
    <ClCompile Include="..\..\..\..\..\..\dlib-19.15\dlib\external\libjpeg\jfdctint.cpp">
      <Filter>Resource Files</Filter>
    </ClCompile>
    <ClCompile Include="..\..\..\..\..\..\dlib-19.15\dlib\external\libjpeg\jidctflt.cpp">
      <Filter>Resource Files</Filter>
    </ClCompile>
    <ClCompile Include="..\..\..\..\..\..\dlib-19.15\dlib\external\libjpeg\jidctfst.cpp">
      <Filter>Resource Files</Filter>
    </ClCompile>
    <ClCompile Include="..\..\..\..\..\..\dlib-19.15\dlib\external\libjpeg\jidctint.cpp">
      <Filter>Resource Files</Filter>
    </ClCompile>
    <ClCompile Include="..\..\..\..\..\..\dlib-19.15\dlib\external\libjpeg\jidctred.cpp">
      <Filter>Resource Files</Filter>
    </ClCompile>
    <ClCompile Include="..\..\..\..\..\..\dlib-19.15\dlib\external\libjpeg\jmemmgr.cpp">
      <Filter>Resource Files</Filter>
    </ClCompile>
    <ClCompile Include="..\..\..\..\..\..\dlib-19.15\dlib\external\libjpeg\jmemnobs.cpp">
      <Filter>Resource Files</Filter>
    </ClCompile>
    <ClCompile Include="..\..\..\..\..\..\dlib-19.15\dlib\external\libjpeg\jquant1.cpp">
      <Filter>Resource Files</Filter>
    </ClCompile>
    <ClCompile Include="..\..\..\..\..\..\dlib-19.15\dlib\external\libjpeg\jquant2.cpp">
      <Filter>Resource Files</Filter>
    </ClCompile>
    <ClCompile Include="..\..\..\..\..\..\dlib-19.15\dlib\external\libjpeg\jutils.cpp">
      <Filter>Resource Files</Filter>
    </ClCompile>
    <ClCompile Include="main.cpp">
      <Filter>Source Files</Filter>
    </ClCompile>
    <ClCompile Include="detect_recoginze.cpp">
      <Filter>Source Files</Filter>
    </ClCompile>
    <ClCompile Include="svm.cpp">
      <Filter>Source Files</Filter>
    </ClCompile>
    <ClCompile Include="load_image.cpp">
      <Filter>Source Files</Filter>
    </ClCompile>
  </ItemGroup>
  <ItemGroup>
    <ClInclude Include="..\..\..\..\..\..\dlib-19.15\dlib\external\libjpeg\jchuff.h">
      <Filter>Resource Files</Filter>
    </ClInclude>
    <ClInclude Include="..\..\..\..\..\..\dlib-19.15\dlib\external\libjpeg\jconfig.h">
      <Filter>Resource Files</Filter>
    </ClInclude>
    <ClInclude Include="..\..\..\..\..\..\dlib-19.15\dlib\external\libjpeg\jdct.h">
      <Filter>Resource Files</Filter>
    </ClInclude>
    <ClInclude Include="..\..\..\..\..\..\dlib-19.15\dlib\external\libjpeg\jdhuff.h">
      <Filter>Resource Files</Filter>
    </ClInclude>
    <ClInclude Include="..\..\..\..\..\..\dlib-19.15\dlib\external\libjpeg\jerror.h">
      <Filter>Resource Files</Filter>
    </ClInclude>
    <ClInclude Include="..\..\..\..\..\..\dlib-19.15\dlib\external\libjpeg\jinclude.h">
      <Filter>Resource Files</Filter>
    </ClInclude>
    <ClInclude Include="..\..\..\..\..\..\dlib-19.15\dlib\external\libjpeg\jmemsys.h">
      <Filter>Resource Files</Filter>
    </ClInclude>
    <ClInclude Include="..\..\..\..\..\..\dlib-19.15\dlib\external\libjpeg\jmorecfg.h">
      <Filter>Resource Files</Filter>
    </ClInclude>
    <ClInclude Include="..\..\..\..\..\..\dlib-19.15\dlib\external\libjpeg\jpegint.h">
      <Filter>Resource Files</Filter>
    </ClInclude>
    <ClInclude Include="..\..\..\..\..\..\dlib-19.15\dlib\external\libjpeg\jpeglib.h">
      <Filter>Resource Files</Filter>
    </ClInclude>
    <ClInclude Include="..\..\..\..\..\..\dlib-19.15\dlib\external\libjpeg\jversion.h">
      <Filter>Resource Files</Filter>
    </ClInclude>
    <ClInclude Include="svm.h">
      <Filter>Header Files</Filter>
    </ClInclude>
    <ClInclude Include="detect_recoginze.h">
      <Filter>Header Files</Filter>
    </ClInclude>
    <ClInclude Include="load_image.h">
      <Filter>Header Files</Filter>
    </ClInclude>
  </ItemGroup>
</Project>